
Microsoft Visual Studio Solution File, Format Version 12.00
# Visual Studio 15
VisualStudioVersion = 15.0.27130.2036
MinimumVisualStudioVersion = 10.0.40219.1
Project("{9A19103F-16F7-4668-BE54-9A1E7A4F7556}") = "Core.Vue", "Core.Vue.csproj", "{9D02AF57-ED2C-4ED2-8F2E-7CB8A5ECC056}"
EndProject
Global
	GlobalSection(SolutionConfigurationPlatforms) = preSolution
		Debug|Any CPU = Debug|Any CPU
		Release|Any CPU = Release|Any CPU
	EndGlobalSection
	GlobalSection(ProjectConfigurationPlatforms) = postSolution
		{9D02AF57-ED2C-4ED2-8F2E-7CB8A5ECC056}.Debug|Any CPU.ActiveCfg = Debug|Any CPU
		{9D02AF57-ED2C-4ED2-8F2E-7CB8A5ECC056}.Debug|Any CPU.Build.0 = Debug|Any CPU
		{9D02AF57-ED2C-4ED2-8F2E-7CB8A5ECC056}.Release|Any CPU.ActiveCfg = Release|Any CPU
		{9D02AF57-ED2C-4ED2-8F2E-7CB8A5ECC056}.Release|Any CPU.Build.0 = Release|Any CPU
	EndGlobalSection
	GlobalSection(SolutionProperties) = preSolution
		HideSolutionNode = FALSE
	EndGlobalSection
	GlobalSection(ExtensibilityGlobals) = postSolution
		SolutionGuid = {091D138E-5056-4D6F-A423-A8E70A002DD6}
	EndGlobalSection
EndGlobal
